
Microsoft Visual Studio Solution File, Format Version 12.00
# Visual Studio Version 17
VisualStudioVersion = 17.9.34902.65
MinimumVisualStudioVersion = 10.0.40219.1
Project("{FAE04EC0-301F-11D3-BF4B-00C04F79EFBC}") = "UmbracoOnatrix 2", "UmbracoOnatrix 2\UmbracoOnatrix 2.csproj", "{C033F6AB-1B81-4213-90BC-A41CCD25D75F}"
EndProject
Global
	GlobalSection(SolutionConfigurationPlatforms) = preSolution
		Debug|Any CPU = Debug|Any CPU
		Release|Any CPU = Release|Any CPU
	EndGlobalSection
	GlobalSection(ProjectConfigurationPlatforms) = postSolution
		{C033F6AB-1B81-4213-90BC-A41CCD25D75F}.Debug|Any CPU.ActiveCfg = Debug|Any CPU
		{C033F6AB-1B81-4213-90BC-A41CCD25D75F}.Debug|Any CPU.Build.0 = Debug|Any CPU
		{C033F6AB-1B81-4213-90BC-A41CCD25D75F}.Release|Any CPU.ActiveCfg = Release|Any CPU
		{C033F6AB-1B81-4213-90BC-A41CCD25D75F}.Release|Any CPU.Build.0 = Release|Any CPU
	EndGlobalSection
	GlobalSection(SolutionProperties) = preSolution
		HideSolutionNode = FALSE
	EndGlobalSection
	GlobalSection(ExtensibilityGlobals) = postSolution
		SolutionGuid = {1F923693-D7A3-49B1-B1FD-59103267B8B7}
	EndGlobalSection
EndGlobal
